
Microsoft Visual Studio Solution File, Format Version 12.00
# Visual Studio 15
Project("{FAE04EC0-301F-11D3-BF4B-00C04F79EFBC}") = "SubTactics", "SubTactics.csproj", "{80EB4A44-CAEB-E5B9-B418-A77B53A45DEE}"
EndProject
Global
	GlobalSection(SolutionConfigurationPlatforms) = preSolution
		Debug|Any CPU = Debug|Any CPU
		Release|Any CPU = Release|Any CPU
	EndGlobalSection
	GlobalSection(ProjectConfigurationPlatforms) = postSolution
		{80EB4A44-CAEB-E5B9-B418-A77B53A45DEE}.Debug|Any CPU.ActiveCfg = Debug|Any CPU
		{80EB4A44-CAEB-E5B9-B418-A77B53A45DEE}.Debug|Any CPU.Build.0 = Debug|Any CPU
		{80EB4A44-CAEB-E5B9-B418-A77B53A45DEE}.Release|Any CPU.ActiveCfg = Release|Any CPU
		{80EB4A44-CAEB-E5B9-B418-A77B53A45DEE}.Release|Any CPU.Build.0 = Release|Any CPU
	EndGlobalSection
	GlobalSection(SolutionProperties) = preSolution
		HideSolutionNode = FALSE
	EndGlobalSection
EndGlobal
